
Microsoft Visual Studio Solution File, Format Version 12.00
# Visual Studio 15
VisualStudioVersion = 15.0.28307.168
MinimumVisualStudioVersion = 10.0.40219.1
Project("{FAE04EC0-301F-11D3-BF4B-00C04F79EFBC}") = "AutoPartsManagementSystem", "AutoPartsManagementSystem\AutoPartsManagementSystem.csproj", "{1A805CB3-7924-49FC-A814-104130D845FB}"
EndProject
Global
	GlobalSection(SolutionConfigurationPlatforms) = preSolution
		Debug|Any CPU = Debug|Any CPU
		Release|Any CPU = Release|Any CPU
	EndGlobalSection
	GlobalSection(ProjectConfigurationPlatforms) = postSolution
		{1A805CB3-7924-49FC-A814-104130D845FB}.Debug|Any CPU.ActiveCfg = Debug|Any CPU
		{1A805CB3-7924-49FC-A814-104130D845FB}.Debug|Any CPU.Build.0 = Debug|Any CPU
		{1A805CB3-7924-49FC-A814-104130D845FB}.Release|Any CPU.ActiveCfg = Release|Any CPU
		{1A805CB3-7924-49FC-A814-104130D845FB}.Release|Any CPU.Build.0 = Release|Any CPU
	EndGlobalSection
	GlobalSection(SolutionProperties) = preSolution
		HideSolutionNode = FALSE
	EndGlobalSection
	GlobalSection(ExtensibilityGlobals) = postSolution
		SolutionGuid = {7B9E06D6-A5B0-4FE0-A14E-4050128180AC}
	EndGlobalSection
EndGlobal
